// !$*UTF8*$!
{
	archiveVersion = 1;
	classes = {
	};
	objectVersion = 50;
	objects = {

/* Begin PBXBuildFile section */
		8B07877824F10480005C383B /* AppDelegate.swift in Sources */ = {isa = PBXBuildFile; fileRef = 8B07877724F10480005C383B /* AppDelegate.swift */; };
		8B07877A24F10480005C383B /* SceneDelegate.swift in Sources */ = {isa = PBXBuildFile; fileRef = 8B07877924F10480005C383B /* SceneDelegate.swift */; };
		8B07877C24F10480005C383B /* ViewController.swift in Sources */ = {isa = PBXBuildFile; fileRef = 8B07877B24F10480005C383B /* ViewController.swift */; };
		8B07877F24F10480005C383B /* Main.storyboard in Resources */ = {isa = PBXBuildFile; fileRef = 8B07877D24F10480005C383B /* Main.storyboard */; };
		8B07878124F10482005C383B /* Assets.xcassets in Resources */ = {isa = PBXBuildFile; fileRef = 8B07878024F10482005C383B /* Assets.xcassets */; };
		8B07878424F10482005C383B /* LaunchScreen.storyboard in Resources */ = {isa = PBXBuildFile; fileRef = 8B07878224F10482005C383B /* LaunchScreen.storyboard */; };
		8B07878F24F10483005C383B /* iOSSampleProjectTests.swift in Sources */ = {isa = PBXBuildFile; fileRef = 8B07878E24F10483005C383B /* iOSSampleProjectTests.swift */; };
		8B07879A24F10483005C383B /* iOSSampleProjectUITests.swift in Sources */ = {isa = PBXBuildFile; fileRef = 8B07879924F10483005C383B /* iOSSampleProjectUITests.swift */; };
		8B0787AB24F23384005C383B /* LayoutConstraintUtil.swift in Sources */ = {isa = PBXBuildFile; fileRef = 8B0787AA24F23384005C383B /* LayoutConstraintUtil.swift */; };
/* End PBXBuildFile section */

/* Begin PBXContainerItemProxy section */
		8B07878B24F10483005C383B /* PBXContainerItemProxy */ = {
			isa = PBXContainerItemProxy;
			containerPortal = 8B07876C24F10480005C383B /* Project object */;
			proxyType = 1;
			remoteGlobalIDString = 8B07877324F10480005C383B;
			remoteInfo = iOSSampleProject;
		};
		8B07879624F10483005C383B /* PBXContainerItemProxy */ = {
			isa = PBXContainerItemProxy;
			containerPortal = 8B07876C24F10480005C383B /* Project object */;
			proxyType = 1;
			remoteGlobalIDString = 8B07877324F10480005C383B;
			remoteInfo = iOSSampleProject;
		};
/* End PBXContainerItemProxy section */

/* Begin PBXFileReference section */
		8B07877424F10480005C383B /* iOSSampleProject.app */ = {isa = PBXFileReference; explicitFileType = wrapper.application; includeInIndex = 0; path = iOSSampleProject.app; sourceTree = BUILT_PRODUCTS_DIR; };
		8B07877724F10480005C383B /* AppDelegate.swift */ = {isa = PBXFileReference; lastKnownFileType = sourcecode.swift; path = AppDelegate.swift; sourceTree = "<group>"; };
		8B07877924F10480005C383B /* SceneDelegate.swift */ = {isa = PBXFileReference; lastKnownFileType = sourcecode.swift; path = SceneDelegate.swift; sourceTree = "<group>"; };
		8B07877B24F10480005C383B /* ViewController.swift */ = {isa = PBXFileReference; lastKnownFileType = sourcecode.swift; path = ViewController.swift; sourceTree = "<group>"; };
		8B07877E24F10480005C383B /* Base */ = {isa = PBXFileReference; lastKnownFileType = file.storyboard; name = Base; path = Base.lproj/Main.storyboard; sourceTree = "<group>"; };
		8B07878024F10482005C383B /* Assets.xcassets */ = {isa = PBXFileReference; lastKnownFileType = folder.assetcatalog; path = Assets.xcassets; sourceTree = "<group>"; };
		8B07878324F10482005C383B /* Base */ = {isa = PBXFileReference; lastKnownFileType = file.storyboard; name = Base; path = Base.lproj/LaunchScreen.storyboard; sourceTree = "<group>"; };
		8B07878524F10482005C383B /* Info.plist */ = {isa = PBXFileReference; lastKnownFileType = text.plist.xml; path = Info.plist; sourceTree = "<group>"; };
		8B07878A24F10483005C383B /* iOSSampleProjectTests.xctest */ = {isa = PBXFileReference; explicitFileType = wrapper.cfbundle; includeInIndex = 0; path = iOSSampleProjectTests.xctest; sourceTree = BUILT_PRODUCTS_DIR; };
		8B07878E24F10483005C383B /* iOSSampleProjectTests.swift */ = {isa = PBXFileReference; lastKnownFileType = sourcecode.swift; path = iOSSampleProjectTests.swift; sourceTree = "<group>"; };
		8B07879024F10483005C383B /* Info.plist */ = {isa = PBXFileReference; lastKnownFileType = text.plist.xml; path = Info.plist; sourceTree = "<group>"; };
		8B07879524F10483005C383B /* iOSSampleProjectUITests.xctest */ = {isa = PBXFileReference; explicitFileType = wrapper.cfbundle; includeInIndex = 0; path = iOSSampleProjectUITests.xctest; sourceTree = BUILT_PRODUCTS_DIR; };
		8B07879924F10483005C383B /* iOSSampleProjectUITests.swift */ = {isa = PBXFileReference; lastKnownFileType = sourcecode.swift; path = iOSSampleProjectUITests.swift; sourceTree = "<group>"; };
		8B07879B24F10483005C383B /* Info.plist */ = {isa = PBXFileReference; lastKnownFileType = text.plist.xml; path = Info.plist; sourceTree = "<group>"; };
		8B0787AA24F23384005C383B /* LayoutConstraintUtil.swift */ = {isa = PBXFileReference; lastKnownFileType = sourcecode.swift; path = LayoutConstraintUtil.swift; sourceTree = "<group>"; };
/* End PBXFileReference section */

/* Begin PBXFrameworksBuildPhase section */
		8B07877124F10480005C383B /* Frameworks */ = {
			isa = PBXFrameworksBuildPhase;
			buildActionMask = 2147483647;
			files = (
			);
			runOnlyForDeploymentPostprocessing = 0;
		};
		8B07878724F10483005C383B /* Frameworks */ = {
			isa = PBXFrameworksBuildPhase;
			buildActionMask = 2147483647;
			files = (
			);
			runOnlyForDeploymentPostprocessing = 0;
		};
		8B07879224F10483005C383B /* Frameworks */ = {
			isa = PBXFrameworksBuildPhase;
			buildActionMask = 2147483647;
			files = (
			);
			runOnlyForDeploymentPostprocessing = 0;
		};
/* End PBXFrameworksBuildPhase section */

/* Begin PBXGroup section */
		8B07876B24F10480005C383B = {
			isa = PBXGroup;
			children = (
				8B07877624F10480005C383B /* iOSSampleProject */,
				8B07878D24F10483005C383B /* iOSSampleProjectTests */,
				8B07879824F10483005C383B /* iOSSampleProjectUITests */,
				8B07877524F10480005C383B /* Products */,
			);
			sourceTree = "<group>";
		};
		8B07877524F10480005C383B /* Products */ = {
			isa = PBXGroup;
			children = (
				8B07877424F10480005C383B /* iOSSampleProject.app */,
				8B07878A24F10483005C383B /* iOSSampleProjectTests.xctest */,
				8B07879524F10483005C383B /* iOSSampleProjectUITests.xctest */,
			);
			name = Products;
			sourceTree = "<group>";
		};
		8B07877624F10480005C383B /* iOSSampleProject */ = {
			isa = PBXGroup;
			children = (
				8B0787A924F23127005C383B /* utils */,
				8B0787A724F230EE005C383B /* extension */,
				8B07877724F10480005C383B /* AppDelegate.swift */,
				8B07877924F10480005C383B /* SceneDelegate.swift */,
				8B07877B24F10480005C383B /* ViewController.swift */,
				8B07877D24F10480005C383B /* Main.storyboard */,
				8B07878024F10482005C383B /* Assets.xcassets */,
				8B07878224F10482005C383B /* LaunchScreen.storyboard */,
				8B07878524F10482005C383B /* Info.plist */,
			);
			path = iOSSampleProject;
			sourceTree = "<group>";
		};
		8B07878D24F10483005C383B /* iOSSampleProjectTests */ = {
			isa = PBXGroup;
			children = (
				8B07878E24F10483005C383B /* iOSSampleProjectTests.swift */,
				8B07879024F10483005C383B /* Info.plist */,
			);
			path = iOSSampleProjectTests;
			sourceTree = "<group>";
		};
		8B07879824F10483005C383B /* iOSSampleProjectUITests */ = {
			isa = PBXGroup;
			children = (
				8B07879924F10483005C383B /* iOSSampleProjectUITests.swift */,
				8B07879B24F10483005C383B /* Info.plist */,
			);
			path = iOSSampleProjectUITests;
			sourceTree = "<group>";
		};
		8B0787A724F230EE005C383B /* extension */ = {
			isa = PBXGroup;
			children = (
			);
			path = extension;
			sourceTree = "<group>";
		};
		8B0787A924F23127005C383B /* utils */ = {
			isa = PBXGroup;
			children = (
				8B0787AA24F23384005C383B /* LayoutConstraintUtil.swift */,
			);
			path = utils;
			sourceTree = "<group>";
		};
/* End PBXGroup section */

/* Begin PBXNativeTarget section */
		8B07877324F10480005C383B /* iOSSampleProject */ = {
			isa = PBXNativeTarget;
			buildConfigurationList = 8B07879E24F10483005C383B /* Build configuration list for PBXNativeTarget "iOSSampleProject" */;
			buildPhases = (
				8B07877024F10480005C383B /* Sources */,
				8B07877124F10480005C383B /* Frameworks */,
				8B07877224F10480005C383B /* Resources */,
			);
			buildRules = (
			);
			dependencies = (
			);
			name = iOSSampleProject;
			productName = iOSSampleProject;
			productReference = 8B07877424F10480005C383B /* iOSSampleProject.app */;
			productType = "com.apple.product-type.application";
		};
		8B07878924F10483005C383B /* iOSSampleProjectTests */ = {
			isa = PBXNativeTarget;
			buildConfigurationList = 8B0787A124F10483005C383B /* Build configuration list for PBXNativeTarget "iOSSampleProjectTests" */;
			buildPhases = (
				8B07878624F10483005C383B /* Sources */,
				8B07878724F10483005C383B /* Frameworks */,
				8B07878824F10483005C383B /* Resources */,
			);
			buildRules = (
			);
			dependencies = (
				8B07878C24F10483005C383B /* PBXTargetDependency */,
			);
			name = iOSSampleProjectTests;
			productName = iOSSampleProjectTests;
			productReference = 8B07878A24F10483005C383B /* iOSSampleProjectTests.xctest */;
			productType = "com.apple.product-type.bundle.unit-test";
		};
		8B07879424F10483005C383B /* iOSSampleProjectUITests */ = {
			isa = PBXNativeTarget;
			buildConfigurationList = 8B0787A424F10483005C383B /* Build configuration list for PBXNativeTarget "iOSSampleProjectUITests" */;
			buildPhases = (
				8B07879124F10483005C383B /* Sources */,
				8B07879224F10483005C383B /* Frameworks */,
				8B07879324F10483005C383B /* Resources */,
			);
			buildRules = (
			);
			dependencies = (
				8B07879724F10483005C383B /* PBXTargetDependency */,
			);
			name = iOSSampleProjectUITests;
			productName = iOSSampleProjectUITests;
			productReference = 8B07879524F10483005C383B /* iOSSampleProjectUITests.xctest */;
			productType = "com.apple.product-type.bundle.ui-testing";
		};
/* End PBXNativeTarget section */

/* Begin PBXProject section */
		8B07876C24F10480005C383B /* Project object */ = {
			isa = PBXProject;
			attributes = {
				LastSwiftUpdateCheck = 1160;
				LastUpgradeCheck = 1160;
				ORGANIZATIONNAME = "CHOI KWANGYOUNG";
				TargetAttributes = {
					8B07877324F10480005C383B = {
						CreatedOnToolsVersion = 11.6;
					};
					8B07878924F10483005C383B = {
						CreatedOnToolsVersion = 11.6;
						TestTargetID = 8B07877324F10480005C383B;
					};
					8B07879424F10483005C383B = {
						CreatedOnToolsVersion = 11.6;
						TestTargetID = 8B07877324F10480005C383B;
					};
				};
			};
			buildConfigurationList = 8B07876F24F10480005C383B /* Build configuration list for PBXProject "iOSSampleProject" */;
			compatibilityVersion = "Xcode 9.3";
			developmentRegion = en;
			hasScannedForEncodings = 0;
			knownRegions = (
				en,
				Base,
			);
			mainGroup = 8B07876B24F10480005C383B;
			productRefGroup = 8B07877524F10480005C383B /* Products */;
			projectDirPath = "";
			projectRoot = "";
			targets = (
				8B07877324F10480005C383B /* iOSSampleProject */,
				8B07878924F10483005C383B /* iOSSampleProjectTests */,
				8B07879424F10483005C383B /* iOSSampleProjectUITests */,
			);
		};
/* End PBXProject section */

/* Begin PBXResourcesBuildPhase section */
		8B07877224F10480005C383B /* Resources */ = {
			isa = PBXResourcesBuildPhase;
			buildActionMask = 2147483647;
			files = (
				8B07878424F10482005C383B /* LaunchScreen.storyboard in Resources */,
				8B07878124F10482005C383B /* Assets.xcassets in Resources */,
				8B07877F24F10480005C383B /* Main.storyboard in Resources */,
			);
			runOnlyForDeploymentPostprocessing = 0;
		};
		8B07878824F10483005C383B /* Resources */ = {
			isa = PBXResourcesBuildPhase;
			buildActionMask = 2147483647;
			files = (
			);
			runOnlyForDeploymentPostprocessing = 0;
		};
		8B07879324F10483005C383B /* Resources */ = {
			isa = PBXResourcesBuildPhase;
			buildActionMask = 2147483647;
			files = (
			);
			runOnlyForDeploymentPostprocessing = 0;
		};
/* End PBXResourcesBuildPhase section */

/* Begin PBXSourcesBuildPhase section */
		8B07877024F10480005C383B /* Sources */ = {
			isa = PBXSourcesBuildPhase;
			buildActionMask = 2147483647;
			files = (
				8B07877C24F10480005C383B /* ViewController.swift in Sources */,
				8B07877824F10480005C383B /* AppDelegate.swift in Sources */,
				8B0787AB24F23384005C383B /* LayoutConstraintUtil.swift in Sources */,
				8B07877A24F10480005C383B /* SceneDelegate.swift in Sources */,
			);
			runOnlyForDeploymentPostprocessing = 0;
		};
		8B07878624F10483005C383B /* Sources */ = {
			isa = PBXSourcesBuildPhase;
			buildActionMask = 2147483647;
			files = (
				8B07878F24F10483005C383B /* iOSSampleProjectTests.swift in Sources */,
			);
			runOnlyForDeploymentPostprocessing = 0;
		};
		8B07879124F10483005C383B /* Sources */ = {
			isa = PBXSourcesBuildPhase;
			buildActionMask = 2147483647;
			files = (
				8B07879A24F10483005C383B /* iOSSampleProjectUITests.swift in Sources */,
			);
			runOnlyForDeploymentPostprocessing = 0;
		};
/* End PBXSourcesBuildPhase section */

/* Begin PBXTargetDependency section */
		8B07878C24F10483005C383B /* PBXTargetDependency */ = {
			isa = PBXTargetDependency;
			target = 8B07877324F10480005C383B /* iOSSampleProject */;
			targetProxy = 8B07878B24F10483005C383B /* PBXContainerItemProxy */;
		};
		8B07879724F10483005C383B /* PBXTargetDependency */ = {
			isa = PBXTargetDependency;
			target = 8B07877324F10480005C383B /* iOSSampleProject */;
			targetProxy = 8B07879624F10483005C383B /* PBXContainerItemProxy */;
		};
/* End PBXTargetDependency section */

/* Begin PBXVariantGroup section */
		8B07877D24F10480005C383B /* Main.storyboard */ = {
			isa = PBXVariantGroup;
			children = (
				8B07877E24F10480005C383B /* Base */,
			);
			name = Main.storyboard;
			sourceTree = "<group>";
		};
		8B07878224F10482005C383B /* LaunchScreen.storyboard */ = {
			isa = PBXVariantGroup;
			children = (
				8B07878324F10482005C383B /* Base */,
			);
			name = LaunchScreen.storyboard;
			sourceTree = "<group>";
		};
/* End PBXVariantGroup section */

/* Begin XCBuildConfiguration section */
		8B07879C24F10483005C383B /* Debug */ = {
			isa = XCBuildConfiguration;
			buildSettings = {
				ALWAYS_SEARCH_USER_PATHS = NO;
				CLANG_ANALYZER_NONNULL = YES;
				CLANG_ANALYZER_NUMBER_OBJECT_CONVERSION = YES_AGGRESSIVE;
				CLANG_CXX_LANGUAGE_STANDARD = "gnu++14";
				CLANG_CXX_LIBRARY = "libc++";
				CLANG_ENABLE_MODULES = YES;
				CLANG_ENABLE_OBJC_ARC = YES;
				CLANG_ENABLE_OBJC_WEAK = YES;
				CLANG_WARN_BLOCK_CAPTURE_AUTORELEASING = YES;
				CLANG_WARN_BOOL_CONVERSION = YES;
				CLANG_WARN_COMMA = YES;
				CLANG_WARN_CONSTANT_CONVERSION = YES;
				CLANG_WARN_DEPRECATED_OBJC_IMPLEMENTATIONS = YES;
				CLANG_WARN_DIRECT_OBJC_ISA_USAGE = YES_ERROR;
				CLANG_WARN_DOCUMENTATION_COMMENTS = YES;
				CLANG_WARN_EMPTY_BODY = YES;
				CLANG_WARN_ENUM_CONVERSION = YES;
				CLANG_WARN_INFINITE_RECURSION = YES;
				CLANG_WARN_INT_CONVERSION = YES;
				CLANG_WARN_NON_LITERAL_NULL_CONVERSION = YES;
				CLANG_WARN_OBJC_IMPLICIT_RETAIN_SELF = YES;
				CLANG_WARN_OBJC_LITERAL_CONVERSION = YES;
				CLANG_WARN_OBJC_ROOT_CLASS = YES_ERROR;
				CLANG_WARN_RANGE_LOOP_ANALYSIS = YES;
				CLANG_WARN_STRICT_PROTOTYPES = YES;
				CLANG_WARN_SUSPICIOUS_MOVE = YES;
				CLANG_WARN_UNGUARDED_AVAILABILITY = YES_AGGRESSIVE;
				CLANG_WARN_UNREACHABLE_CODE = YES;
				CLANG_WARN__DUPLICATE_METHOD_MATCH = YES;
				COPY_PHASE_STRIP = NO;
				DEBUG_INFORMATION_FORMAT = dwarf;
				ENABLE_STRICT_OBJC_MSGSEND = YES;
				ENABLE_TESTABILITY = YES;
				GCC_C_LANGUAGE_STANDARD = gnu11;
				GCC_DYNAMIC_NO_PIC = NO;
				GCC_NO_COMMON_BLOCKS = YES;
				GCC_OPTIMIZATION_LEVEL = 0;
				GCC_PREPROCESSOR_DEFINITIONS = (
					"DEBUG=1",
					"$(inherited)",
				);
				GCC_WARN_64_TO_32_BIT_CONVERSION = YES;
				GCC_WARN_ABOUT_RETURN_TYPE = YES_ERROR;
				GCC_WARN_UNDECLARED_SELECTOR = YES;
				GCC_WARN_UNINITIALIZED_AUTOS = YES_AGGRESSIVE;
				GCC_WARN_UNUSED_FUNCTION = YES;
				GCC_WARN_UNUSED_VARIABLE = YES;
				IPHONEOS_DEPLOYMENT_TARGET = 13.6;
				MTL_ENABLE_DEBUG_INFO = INCLUDE_SOURCE;
				MTL_FAST_MATH = YES;
				ONLY_ACTIVE_ARCH = YES;
				SDKROOT = iphoneos;
				SWIFT_ACTIVE_COMPILATION_CONDITIONS = DEBUG;
				SWIFT_OPTIMIZATION_LEVEL = "-Onone";
			};
			name = Debug;
		};
		8B07879D24F10483005C383B /* Release */ = {
			isa = XCBuildConfiguration;
			buildSettings = {
				ALWAYS_SEARCH_USER_PATHS = NO;
				CLANG_ANALYZER_NONNULL = YES;
				CLANG_ANALYZER_NUMBER_OBJECT_CONVERSION = YES_AGGRESSIVE;
				CLANG_CXX_LANGUAGE_STANDARD = "gnu++14";
				CLANG_CXX_LIBRARY = "libc++";
				CLANG_ENABLE_MODULES = YES;
				CLANG_ENABLE_OBJC_ARC = YES;
				CLANG_ENABLE_OBJC_WEAK = YES;
				CLANG_WARN_BLOCK_CAPTURE_AUTORELEASING = YES;
				CLANG_WARN_BOOL_CONVERSION = YES;
				CLANG_WARN_COMMA = YES;
				CLANG_WARN_CONSTANT_CONVERSION = YES;
				CLANG_WARN_DEPRECATED_OBJC_IMPLEMENTATIONS = YES;
				CLANG_WARN_DIRECT_OBJC_ISA_USAGE = YES_ERROR;
				CLANG_WARN_DOCUMENTATION_COMMENTS = YES;
				CLANG_WARN_EMPTY_BODY = YES;
				CLANG_WARN_ENUM_CONVERSION = YES;
				CLANG_WARN_INFINITE_RECURSION = YES;
				CLANG_WARN_INT_CONVERSION = YES;
				CLANG_WARN_NON_LITERAL_NULL_CONVERSION = YES;
				CLANG_WARN_OBJC_IMPLICIT_RETAIN_SELF = YES;
				CLANG_WARN_OBJC_LITERAL_CONVERSION = YES;
				CLANG_WARN_OBJC_ROOT_CLASS = YES_ERROR;
				CLANG_WARN_RANGE_LOOP_ANALYSIS = YES;
				CLANG_WARN_STRICT_PROTOTYPES = YES;
				CLANG_WARN_SUSPICIOUS_MOVE = YES;
				CLANG_WARN_UNGUARDED_AVAILABILITY = YES_AGGRESSIVE;
				CLANG_WARN_UNREACHABLE_CODE = YES;
				CLANG_WARN__DUPLICATE_METHOD_MATCH = YES;
				COPY_PHASE_STRIP = NO;
				DEBUG_INFORMATION_FORMAT = "dwarf-with-dsym";
				ENABLE_NS_ASSERTIONS = NO;
				ENABLE_STRICT_OBJC_MSGSEND = YES;
				GCC_C_LANGUAGE_STANDARD = gnu11;
				GCC_NO_COMMON_BLOCKS = YES;
				GCC_WARN_64_TO_32_BIT_CONVERSION = YES;
				GCC_WARN_ABOUT_RETURN_TYPE = YES_ERROR;
				GCC_WARN_UNDECLARED_SELECTOR = YES;
				GCC_WARN_UNINITIALIZED_AUTOS = YES_AGGRESSIVE;
				GCC_WARN_UNUSED_FUNCTION = YES;
				GCC_WARN_UNUSED_VARIABLE = YES;
				IPHONEOS_DEPLOYMENT_TARGET = 13.6;
				MTL_ENABLE_DEBUG_INFO = NO;
				MTL_FAST_MATH = YES;
				SDKROOT = iphoneos;
				SWIFT_COMPILATION_MODE = wholemodule;
				SWIFT_OPTIMIZATION_LEVEL = "-O";
				VALIDATE_PRODUCT = YES;
			};
			name = Release;
		};
		8B07879F24F10483005C383B /* Debug */ = {
			isa = XCBuildConfiguration;
			buildSettings = {
				ASSETCATALOG_COMPILER_APPICON_NAME = AppIcon;
				CODE_SIGN_STYLE = Automatic;
				INFOPLIST_FILE = iOSSampleProject/Info.plist;
				LD_RUNPATH_SEARCH_PATHS = (
					"$(inherited)",
					"@executable_path/Frameworks",
				);
				PRODUCT_BUNDLE_IDENTIFIER = com.kwang0.iOSSampleProject;
				PRODUCT_NAME = "$(TARGET_NAME)";
				SWIFT_VERSION = 5.0;
				TARGETED_DEVICE_FAMILY = "1,2";
			};
			name = Debug;
		};
		8B0787A024F10483005C383B /* Release */ = {
			isa = XCBuildConfiguration;
			buildSettings = {
				ASSETCATALOG_COMPILER_APPICON_NAME = AppIcon;
				CODE_SIGN_STYLE = Automatic;
				INFOPLIST_FILE = iOSSampleProject/Info.plist;
				LD_RUNPATH_SEARCH_PATHS = (
					"$(inherited)",
					"@executable_path/Frameworks",
				);
				PRODUCT_BUNDLE_IDENTIFIER = com.kwang0.iOSSampleProject;
				PRODUCT_NAME = "$(TARGET_NAME)";
				SWIFT_VERSION = 5.0;
				TARGETED_DEVICE_FAMILY = "1,2";
			};
			name = Release;
		};
		8B0787A224F10483005C383B /* Debug */ = {
			isa = XCBuildConfiguration;
			buildSettings = {
				ALWAYS_EMBED_SWIFT_STANDARD_LIBRARIES = YES;
				BUNDLE_LOADER = "$(TEST_HOST)";
				CODE_SIGN_STYLE = Automatic;
				INFOPLIST_FILE = iOSSampleProjectTests/Info.plist;
				IPHONEOS_DEPLOYMENT_TARGET = 13.6;
				LD_RUNPATH_SEARCH_PATHS = (
					"$(inherited)",
					"@executable_path/Frameworks",
					"@loader_path/Frameworks",
				);
				PRODUCT_BUNDLE_IDENTIFIER = com.kwang0.iOSSampleProjectTests;
				PRODUCT_NAME = "$(TARGET_NAME)";
				SWIFT_VERSION = 5.0;
				TARGETED_DEVICE_FAMILY = "1,2";
				TEST_HOST = "$(BUILT_PRODUCTS_DIR)/iOSSampleProject.app/iOSSampleProject";
			};
			name = Debug;
		};
		8B0787A324F10483005C383B /* Release */ = {
			isa = XCBuildConfiguration;
			buildSettings = {
				ALWAYS_EMBED_SWIFT_STANDARD_LIBRARIES = YES;
				BUNDLE_LOADER = "$(TEST_HOST)";
				CODE_SIGN_STYLE = Automatic;
				INFOPLIST_FILE = iOSSampleProjectTests/Info.plist;
				IPHONEOS_DEPLOYMENT_TARGET = 13.6;
				LD_RUNPATH_SEARCH_PATHS = (
					"$(inherited)",
					"@executable_path/Frameworks",
					"@loader_path/Frameworks",
				);
				PRODUCT_BUNDLE_IDENTIFIER = com.kwang0.iOSSampleProjectTests;
				PRODUCT_NAME = "$(TARGET_NAME)";
				SWIFT_VERSION = 5.0;
				TARGETED_DEVICE_FAMILY = "1,2";
				TEST_HOST = "$(BUILT_PRODUCTS_DIR)/iOSSampleProject.app/iOSSampleProject";
			};
			name = Release;
		};
		8B0787A524F10483005C383B /* Debug */ = {
			isa = XCBuildConfiguration;
			buildSettings = {
				ALWAYS_EMBED_SWIFT_STANDARD_LIBRARIES = YES;
				CODE_SIGN_STYLE = Automatic;
				INFOPLIST_FILE = iOSSampleProjectUITests/Info.plist;
				LD_RUNPATH_SEARCH_PATHS = (
					"$(inherited)",
					"@executable_path/Frameworks",
					"@loader_path/Frameworks",
				);
				PRODUCT_BUNDLE_IDENTIFIER = com.kwang0.iOSSampleProjectUITests;
				PRODUCT_NAME = "$(TARGET_NAME)";
				SWIFT_VERSION = 5.0;
				TARGETED_DEVICE_FAMILY = "1,2";
				TEST_TARGET_NAME = iOSSampleProject;
			};
			name = Debug;
		};
		8B0787A624F10483005C383B /* Release */ = {
			isa = XCBuildConfiguration;
			buildSettings = {
				ALWAYS_EMBED_SWIFT_STANDARD_LIBRARIES = YES;
				CODE_SIGN_STYLE = Automatic;
				INFOPLIST_FILE = iOSSampleProjectUITests/Info.plist;
				LD_RUNPATH_SEARCH_PATHS = (
					"$(inherited)",
					"@executable_path/Frameworks",
					"@loader_path/Frameworks",
				);
				PRODUCT_BUNDLE_IDENTIFIER = com.kwang0.iOSSampleProjectUITests;
				PRODUCT_NAME = "$(TARGET_NAME)";
				SWIFT_VERSION = 5.0;
				TARGETED_DEVICE_FAMILY = "1,2";
				TEST_TARGET_NAME = iOSSampleProject;
			};
			name = Release;
		};
/* End XCBuildConfiguration section */

/* Begin XCConfigurationList section */
		8B07876F24F10480005C383B /* Build configuration list for PBXProject "iOSSampleProject" */ = {
			isa = XCConfigurationList;
			buildConfigurations = (
				8B07879C24F10483005C383B /* Debug */,
				8B07879D24F10483005C383B /* Release */,
			);
			defaultConfigurationIsVisible = 0;
			defaultConfigurationName = Release;
		};
		8B07879E24F10483005C383B /* Build configuration list for PBXNativeTarget "iOSSampleProject" */ = {
			isa = XCConfigurationList;
			buildConfigurations = (
				8B07879F24F10483005C383B /* Debug */,
				8B0787A024F10483005C383B /* Release */,
			);
			defaultConfigurationIsVisible = 0;
			defaultConfigurationName = Release;
		};
		8B0787A124F10483005C383B /* Build configuration list for PBXNativeTarget "iOSSampleProjectTests" */ = {
			isa = XCConfigurationList;
			buildConfigurations = (
				8B0787A224F10483005C383B /* Debug */,
				8B0787A324F10483005C383B /* Release */,
			);
			defaultConfigurationIsVisible = 0;
			defaultConfigurationName = Release;
		};
		8B0787A424F10483005C383B /* Build configuration list for PBXNativeTarget "iOSSampleProjectUITests" */ = {
			isa = XCConfigurationList;
			buildConfigurations = (
				8B0787A524F10483005C383B /* Debug */,
				8B0787A624F10483005C383B /* Release */,
			);
			defaultConfigurationIsVisible = 0;
			defaultConfigurationName = Release;
		};
/* End XCConfigurationList section */
	};
	rootObject = 8B07876C24F10480005C383B /* Project object */;
}
